<?xml version="1.0" encoding="utf-8"?>
<Project ToolsVersion="4.0" xmlns="http://schemas.microsoft.com/developer/msbuild/2003">
  <ItemGroup>
    <Filter Include="ソース ファイル">
      <UniqueIdentifier>{4FC737F1-C7A5-4376-A066-2A32D752A2FF}</UniqueIdentifier>
      <Extensions>cpp;c;cc;cxx;c++;cppm;ixx;def;odl;idl;hpj;bat;asm;asmx</Extensions>
    </Filter>
    <Filter Include="ヘッダー ファイル">
      <UniqueIdentifier>{93995380-89BD-4b04-88EB-625FBE52EBFB}</UniqueIdentifier>
      <Extensions>h;hh;hpp;hxx;h++;hm;inl;inc;ipp;xsd</Extensions>
    </Filter>
    <Filter Include="リソース ファイル">
      <UniqueIdentifier>{67DA6AB6-F800-4c08-8B7A-83BB121AAD01}</UniqueIdentifier>
      <Extensions>rc;ico;cur;bmp;dlg;rc2;rct;bin;rgs;gif;jpg;jpeg;jpe;resx;tiff;tif;png;wav;mfcribbon-ms</Extensions>
    </Filter>
  </ItemGroup>
  <ItemGroup>
    <ClCompile Include="..\DriveAction\Effect.cpp">
      <Filter>ソース ファイル</Filter>
    </ClCompile>
    <ClCompile Include="..\DriveAction\EffectManager.cpp">
      <Filter>ソース ファイル</Filter>
    </ClCompile>
    <ClCompile Include="..\DriveAction\FadeInFadeOut.cpp">
      <Filter>ソース ファイル</Filter>
    </ClCompile>
    <ClCompile Include="..\DriveAction\FiringItemManager.cpp">
      <Filter>ソース ファイル</Filter>
    </ClCompile>
    <ClCompile Include="..\DriveAction\GimmickObject.cpp">
      <Filter>ソース ファイル</Filter>
    </ClCompile>
    <ClCompile Include="..\DriveAction\GimmickObjManager.cpp">
      <Filter>ソース ファイル</Filter>
    </ClCompile>
    <ClCompile Include="..\DriveAction\HitChecker.cpp">
      <Filter>ソース ファイル</Filter>
    </ClCompile>
    <ClCompile Include="..\DriveAction\ImgUI.cpp">
      <Filter>ソース ファイル</Filter>
    </ClCompile>
    <ClCompile Include="..\DriveAction\Item.cpp">
      <Filter>ソース ファイル</Filter>
    </ClCompile>
    <ClCompile Include="..\DriveAction\ItemBox.cpp">
      <Filter>ソース ファイル</Filter>
    </ClCompile>
    <ClCompile Include="..\DriveAction\ItemHolder.cpp">
      <Filter>ソース ファイル</Filter>
    </ClCompile>
    <ClCompile Include="..\DriveAction\ItemUI.cpp">
      <Filter>ソース ファイル</Filter>
    </ClCompile>
    <ClCompile Include="..\DriveAction\Kite.cpp">
      <Filter>ソース ファイル</Filter>
    </ClCompile>
    <ClCompile Include="..\DriveAction\LapUI.cpp">
      <Filter>ソース ファイル</Filter>
    </ClCompile>
  </ItemGroup>
  <ItemGroup>
    <ClInclude Include="..\DriveAction\Effect.h">
      <Filter>ソース ファイル</Filter>
    </ClInclude>
    <ClInclude Include="..\DriveAction\EffectManager.h">
      <Filter>ソース ファイル</Filter>
    </ClInclude>
    <ClInclude Include="..\DriveAction\EnumToString.h">
      <Filter>ソース ファイル</Filter>
    </ClInclude>
    <ClInclude Include="..\DriveAction\FadeInFadeOut.h">
      <Filter>ソース ファイル</Filter>
    </ClInclude>
    <ClInclude Include="..\DriveAction\FadeMode.h">
      <Filter>ソース ファイル</Filter>
    </ClInclude>
    <ClInclude Include="..\DriveAction\FiringItemManager.h">
      <Filter>ソース ファイル</Filter>
    </ClInclude>
    <ClInclude Include="..\DriveAction\GimmickObject.h">
      <Filter>ソース ファイル</Filter>
    </ClInclude>
    <ClInclude Include="..\DriveAction\GimmickObjManager.h">
      <Filter>ソース ファイル</Filter>
    </ClInclude>
    <ClInclude Include="..\DriveAction\HandleDirection.h">
      <Filter>ソース ファイル</Filter>
    </ClInclude>
    <ClInclude Include="..\DriveAction\HitChecker.h">
      <Filter>ソース ファイル</Filter>
    </ClInclude>
    <ClInclude Include="..\DriveAction\HitCheckExamineObjectInfo.h">
      <Filter>ソース ファイル</Filter>
    </ClInclude>
    <ClInclude Include="..\DriveAction\ImgUI.h">
      <Filter>ソース ファイル</Filter>
    </ClInclude>
    <ClInclude Include="..\DriveAction\InputDirection.h">
      <Filter>ソース ファイル</Filter>
    </ClInclude>
    <ClInclude Include="..\DriveAction\Item.h">
      <Filter>ソース ファイル</Filter>
    </ClInclude>
    <ClInclude Include="..\DriveAction\ItemArgumentCarInfo.h">
      <Filter>ソース ファイル</Filter>
    </ClInclude>
    <ClInclude Include="..\DriveAction\ItemBox.h">
      <Filter>ソース ファイル</Filter>
    </ClInclude>
    <ClInclude Include="..\DriveAction\ItemHolder.h">
      <Filter>ソース ファイル</Filter>
    </ClInclude>
    <ClInclude Include="..\DriveAction\ItemInfo.h">
      <Filter>ソース ファイル</Filter>
    </ClInclude>
    <ClInclude Include="..\DriveAction\ItemTag.h">
      <Filter>ソース ファイル</Filter>
    </ClInclude>
    <ClInclude Include="..\DriveAction\ItemUI.h">
      <Filter>ソース ファイル</Filter>
    </ClInclude>
    <ClInclude Include="..\DriveAction\ItemUseSituation.h">
      <Filter>ソース ファイル</Filter>
    </ClInclude>
    <ClInclude Include="..\DriveAction\Kite.h">
      <Filter>ソース ファイル</Filter>
    </ClInclude>
    <ClInclude Include="..\DriveAction\LapUI.h">
      <Filter>ソース ファイル</Filter>
    </ClInclude>
    <ClInclude Include="..\DriveAction\ListUtility.h">
      <Filter>ソース ファイル</Filter>
    </ClInclude>
  </ItemGroup>
</Project>